
Microsoft Visual Studio Solution File, Format Version 12.00
# Visual Studio 15
VisualStudioVersion = 15.0.26124.0
MinimumVisualStudioVersion = 15.0.26124.0
Project("{FAE04EC0-301F-11D3-BF4B-00C04F79EFBC}") = "Apv.AV.Common", "Apv.AV.Common\Apv.AV.Common.csproj", "{85854594-F6AA-459C-B68D-139BC3C551B4}"
EndProject
Project("{FAE04EC0-301F-11D3-BF4B-00C04F79EFBC}") = "Apv.AV.Services.Data", "Apv.AV.Services.Data\Apv.AV.Services.Data.csproj", "{36E0F413-4149-43A3-86D5-00C3E7DB5797}"
EndProject
Project("{FAE04EC0-301F-11D3-BF4B-00C04F79EFBC}") = "Apv.AV.Services", "Apv.AV.Services\Apv.AV.Services.csproj", "{5144F6CA-B516-4BA3-A3EC-7A4DDE672BC8}"
EndProject
Project("{FAE04EC0-301F-11D3-BF4B-00C04F79EFBC}") = "Apv.AV.Web", "Apv.AV.Web\Apv.AV.Web.csproj", "{F9B48685-F207-4BCA-A711-6C4C1FF8D5D7}"
EndProject
Project("{FAE04EC0-301F-11D3-BF4B-00C04F79EFBC}") = "Apv.AV.Tests", "Apv.AV.Tests\Apv.AV.Tests.csproj", "{98EF69C8-F8A0-4DDA-8519-42B3A0C6E636}"
EndProject
Project("{FAE04EC0-301F-11D3-BF4B-00C04F79EFBC}") = "Apv.AV.Test.Debugger", "Apv.AV.Test.Debugger\Apv.AV.Test.Debugger.csproj", "{44C4B2FD-8986-4344-BA02-895D0727A9C0}"
EndProject
Global
	GlobalSection(SolutionConfigurationPlatforms) = preSolution
		Debug|Any CPU = Debug|Any CPU
		Debug|x64 = Debug|x64
		Debug|x86 = Debug|x86
		Release|Any CPU = Release|Any CPU
		Release|x64 = Release|x64
		Release|x86 = Release|x86
	EndGlobalSection
	GlobalSection(SolutionProperties) = preSolution
		HideSolutionNode = FALSE
	EndGlobalSection
	GlobalSection(ProjectConfigurationPlatforms) = postSolution
		{85854594-F6AA-459C-B68D-139BC3C551B4}.Debug|Any CPU.ActiveCfg = Debug|Any CPU
		{85854594-F6AA-459C-B68D-139BC3C551B4}.Debug|Any CPU.Build.0 = Debug|Any CPU
		{85854594-F6AA-459C-B68D-139BC3C551B4}.Debug|x64.ActiveCfg = Debug|x64
		{85854594-F6AA-459C-B68D-139BC3C551B4}.Debug|x64.Build.0 = Debug|x64
		{85854594-F6AA-459C-B68D-139BC3C551B4}.Debug|x86.ActiveCfg = Debug|x86
		{85854594-F6AA-459C-B68D-139BC3C551B4}.Debug|x86.Build.0 = Debug|x86
		{85854594-F6AA-459C-B68D-139BC3C551B4}.Release|Any CPU.ActiveCfg = Release|Any CPU
		{85854594-F6AA-459C-B68D-139BC3C551B4}.Release|Any CPU.Build.0 = Release|Any CPU
		{85854594-F6AA-459C-B68D-139BC3C551B4}.Release|x64.ActiveCfg = Release|x64
		{85854594-F6AA-459C-B68D-139BC3C551B4}.Release|x64.Build.0 = Release|x64
		{85854594-F6AA-459C-B68D-139BC3C551B4}.Release|x86.ActiveCfg = Release|x86
		{85854594-F6AA-459C-B68D-139BC3C551B4}.Release|x86.Build.0 = Release|x86
		{36E0F413-4149-43A3-86D5-00C3E7DB5797}.Debug|Any CPU.ActiveCfg = Debug|Any CPU
		{36E0F413-4149-43A3-86D5-00C3E7DB5797}.Debug|Any CPU.Build.0 = Debug|Any CPU
		{36E0F413-4149-43A3-86D5-00C3E7DB5797}.Debug|x64.ActiveCfg = Debug|x64
		{36E0F413-4149-43A3-86D5-00C3E7DB5797}.Debug|x64.Build.0 = Debug|x64
		{36E0F413-4149-43A3-86D5-00C3E7DB5797}.Debug|x86.ActiveCfg = Debug|x86
		{36E0F413-4149-43A3-86D5-00C3E7DB5797}.Debug|x86.Build.0 = Debug|x86
		{36E0F413-4149-43A3-86D5-00C3E7DB5797}.Release|Any CPU.ActiveCfg = Release|Any CPU
		{36E0F413-4149-43A3-86D5-00C3E7DB5797}.Release|Any CPU.Build.0 = Release|Any CPU
		{36E0F413-4149-43A3-86D5-00C3E7DB5797}.Release|x64.ActiveCfg = Release|x64
		{36E0F413-4149-43A3-86D5-00C3E7DB5797}.Release|x64.Build.0 = Release|x64
		{36E0F413-4149-43A3-86D5-00C3E7DB5797}.Release|x86.ActiveCfg = Release|x86
		{36E0F413-4149-43A3-86D5-00C3E7DB5797}.Release|x86.Build.0 = Release|x86
		{5144F6CA-B516-4BA3-A3EC-7A4DDE672BC8}.Debug|Any CPU.ActiveCfg = Debug|Any CPU
		{5144F6CA-B516-4BA3-A3EC-7A4DDE672BC8}.Debug|Any CPU.Build.0 = Debug|Any CPU
		{5144F6CA-B516-4BA3-A3EC-7A4DDE672BC8}.Debug|x64.ActiveCfg = Debug|x64
		{5144F6CA-B516-4BA3-A3EC-7A4DDE672BC8}.Debug|x64.Build.0 = Debug|x64
		{5144F6CA-B516-4BA3-A3EC-7A4DDE672BC8}.Debug|x86.ActiveCfg = Debug|x86
		{5144F6CA-B516-4BA3-A3EC-7A4DDE672BC8}.Debug|x86.Build.0 = Debug|x86
		{5144F6CA-B516-4BA3-A3EC-7A4DDE672BC8}.Release|Any CPU.ActiveCfg = Release|Any CPU
		{5144F6CA-B516-4BA3-A3EC-7A4DDE672BC8}.Release|Any CPU.Build.0 = Release|Any CPU
		{5144F6CA-B516-4BA3-A3EC-7A4DDE672BC8}.Release|x64.ActiveCfg = Release|x64
		{5144F6CA-B516-4BA3-A3EC-7A4DDE672BC8}.Release|x64.Build.0 = Release|x64
		{5144F6CA-B516-4BA3-A3EC-7A4DDE672BC8}.Release|x86.ActiveCfg = Release|x86
		{5144F6CA-B516-4BA3-A3EC-7A4DDE672BC8}.Release|x86.Build.0 = Release|x86
		{F9B48685-F207-4BCA-A711-6C4C1FF8D5D7}.Debug|Any CPU.ActiveCfg = Debug|Any CPU
		{F9B48685-F207-4BCA-A711-6C4C1FF8D5D7}.Debug|Any CPU.Build.0 = Debug|Any CPU
		{F9B48685-F207-4BCA-A711-6C4C1FF8D5D7}.Debug|x64.ActiveCfg = Debug|x64
		{F9B48685-F207-4BCA-A711-6C4C1FF8D5D7}.Debug|x64.Build.0 = Debug|x64
		{F9B48685-F207-4BCA-A711-6C4C1FF8D5D7}.Debug|x86.ActiveCfg = Debug|x86
		{F9B48685-F207-4BCA-A711-6C4C1FF8D5D7}.Debug|x86.Build.0 = Debug|x86
		{F9B48685-F207-4BCA-A711-6C4C1FF8D5D7}.Release|Any CPU.ActiveCfg = Release|Any CPU
		{F9B48685-F207-4BCA-A711-6C4C1FF8D5D7}.Release|Any CPU.Build.0 = Release|Any CPU
		{F9B48685-F207-4BCA-A711-6C4C1FF8D5D7}.Release|x64.ActiveCfg = Release|x64
		{F9B48685-F207-4BCA-A711-6C4C1FF8D5D7}.Release|x64.Build.0 = Release|x64
		{F9B48685-F207-4BCA-A711-6C4C1FF8D5D7}.Release|x86.ActiveCfg = Release|x86
		{F9B48685-F207-4BCA-A711-6C4C1FF8D5D7}.Release|x86.Build.0 = Release|x86
		{98EF69C8-F8A0-4DDA-8519-42B3A0C6E636}.Debug|Any CPU.ActiveCfg = Debug|Any CPU
		{98EF69C8-F8A0-4DDA-8519-42B3A0C6E636}.Debug|Any CPU.Build.0 = Debug|Any CPU
		{98EF69C8-F8A0-4DDA-8519-42B3A0C6E636}.Debug|x64.ActiveCfg = Debug|Any CPU
		{98EF69C8-F8A0-4DDA-8519-42B3A0C6E636}.Debug|x64.Build.0 = Debug|Any CPU
		{98EF69C8-F8A0-4DDA-8519-42B3A0C6E636}.Debug|x86.ActiveCfg = Debug|Any CPU
		{98EF69C8-F8A0-4DDA-8519-42B3A0C6E636}.Debug|x86.Build.0 = Debug|Any CPU
		{98EF69C8-F8A0-4DDA-8519-42B3A0C6E636}.Release|Any CPU.ActiveCfg = Release|Any CPU
		{98EF69C8-F8A0-4DDA-8519-42B3A0C6E636}.Release|Any CPU.Build.0 = Release|Any CPU
		{98EF69C8-F8A0-4DDA-8519-42B3A0C6E636}.Release|x64.ActiveCfg = Release|Any CPU
		{98EF69C8-F8A0-4DDA-8519-42B3A0C6E636}.Release|x64.Build.0 = Release|Any CPU
		{98EF69C8-F8A0-4DDA-8519-42B3A0C6E636}.Release|x86.ActiveCfg = Release|Any CPU
		{98EF69C8-F8A0-4DDA-8519-42B3A0C6E636}.Release|x86.Build.0 = Release|Any CPU
		{44C4B2FD-8986-4344-BA02-895D0727A9C0}.Debug|Any CPU.ActiveCfg = Debug|Any CPU
		{44C4B2FD-8986-4344-BA02-895D0727A9C0}.Debug|Any CPU.Build.0 = Debug|Any CPU
		{44C4B2FD-8986-4344-BA02-895D0727A9C0}.Debug|x64.ActiveCfg = Debug|Any CPU
		{44C4B2FD-8986-4344-BA02-895D0727A9C0}.Debug|x64.Build.0 = Debug|Any CPU
		{44C4B2FD-8986-4344-BA02-895D0727A9C0}.Debug|x86.ActiveCfg = Debug|Any CPU
		{44C4B2FD-8986-4344-BA02-895D0727A9C0}.Debug|x86.Build.0 = Debug|Any CPU
		{44C4B2FD-8986-4344-BA02-895D0727A9C0}.Release|Any CPU.ActiveCfg = Release|Any CPU
		{44C4B2FD-8986-4344-BA02-895D0727A9C0}.Release|Any CPU.Build.0 = Release|Any CPU
		{44C4B2FD-8986-4344-BA02-895D0727A9C0}.Release|x64.ActiveCfg = Release|Any CPU
		{44C4B2FD-8986-4344-BA02-895D0727A9C0}.Release|x64.Build.0 = Release|Any CPU
		{44C4B2FD-8986-4344-BA02-895D0727A9C0}.Release|x86.ActiveCfg = Release|Any CPU
		{44C4B2FD-8986-4344-BA02-895D0727A9C0}.Release|x86.Build.0 = Release|Any CPU
	EndGlobalSection
EndGlobal
